
Microsoft Visual Studio Solution File, Format Version 12.00
# Visual Studio Version 17
VisualStudioVersion = 17.2.32616.157
MinimumVisualStudioVersion = 10.0.40219.1
Project("{FAE04EC0-301F-11D3-BF4B-00C04F79EFBC}") = "Algorithms", "Algorithms\Algorithms.csproj", "{39240DDA-5CD2-4EAA-9AB3-5F2DB206B44A}"
EndProject
Global
	GlobalSection(SolutionConfigurationPlatforms) = preSolution
		Debug|Any CPU = Debug|Any CPU
		Release|Any CPU = Release|Any CPU
	EndGlobalSection
	GlobalSection(ProjectConfigurationPlatforms) = postSolution
		{39240DDA-5CD2-4EAA-9AB3-5F2DB206B44A}.Debug|Any CPU.ActiveCfg = Debug|Any CPU
		{39240DDA-5CD2-4EAA-9AB3-5F2DB206B44A}.Debug|Any CPU.Build.0 = Debug|Any CPU
		{39240DDA-5CD2-4EAA-9AB3-5F2DB206B44A}.Release|Any CPU.ActiveCfg = Release|Any CPU
		{39240DDA-5CD2-4EAA-9AB3-5F2DB206B44A}.Release|Any CPU.Build.0 = Release|Any CPU
	EndGlobalSection
	GlobalSection(SolutionProperties) = preSolution
		HideSolutionNode = FALSE
	EndGlobalSection
	GlobalSection(ExtensibilityGlobals) = postSolution
		SolutionGuid = {14AB616C-7E27-484A-BBF3-DA24EE3C3146}
	EndGlobalSection
EndGlobal
